
Microsoft Visual Studio Solution File, Format Version 12.00
# Visual Studio Version 16
VisualStudioVersion = 16.0.32602.291
MinimumVisualStudioVersion = 10.0.40219.1
Project("{888888A0-9F3D-457C-B088-3A5042F75D52}") = "Encryption", "Encryption.pyproj", "{EA4D31DE-23A4-44F7-A939-42D3876DC901}"
EndProject
Global
	GlobalSection(SolutionConfigurationPlatforms) = preSolution
		Debug|Any CPU = Debug|Any CPU
		Release|Any CPU = Release|Any CPU
	EndGlobalSection
	GlobalSection(ProjectConfigurationPlatforms) = postSolution
		{EA4D31DE-23A4-44F7-A939-42D3876DC901}.Debug|Any CPU.ActiveCfg = Debug|Any CPU
		{EA4D31DE-23A4-44F7-A939-42D3876DC901}.Release|Any CPU.ActiveCfg = Release|Any CPU
	EndGlobalSection
	GlobalSection(SolutionProperties) = preSolution
		HideSolutionNode = FALSE
	EndGlobalSection
	GlobalSection(ExtensibilityGlobals) = postSolution
		SolutionGuid = {5C25E4AB-30E9-4FAA-93E1-953523F4E72C}
	EndGlobalSection
EndGlobal
